
Microsoft Visual Studio Solution File, Format Version 12.00
# Visual Studio Version 16
VisualStudioVersion = 16.0.28803.452
MinimumVisualStudioVersion = 10.0.40219.1
Project("{2150E333-8FDC-42A3-9474-1A3956D46DE8}") = "src", "src", "{B24E7A53-57C6-4C84-B033-C0EE30FB84E2}"
EndProject
Project("{2150E333-8FDC-42A3-9474-1A3956D46DE8}") = "services", "services", "{19F988BE-67C3-417B-99CE-9E0CA774E1FC}"
EndProject
Project("{2150E333-8FDC-42A3-9474-1A3956D46DE8}") = "web", "web", "{2213E7B2-D5D4-4567-AE24-34C1223BD8B7}"
EndProject
Project("{9A19103F-16F7-4668-BE54-9A1E7A4F7556}") = "EventCatalogAPI", "EventCatalogAPI\EventCatalogAPI.csproj", "{D64D1053-C66F-41B0-862A-DAD8FC68D50B}"
EndProject
Project("{E53339B2-1760-4266-BCC7-CA923CBCF16C}") = "docker-compose", "docker-compose.dcproj", "{24AC0606-BF4B-4678-BC98-102711F6F6F5}"
EndProject
Project("{9A19103F-16F7-4668-BE54-9A1E7A4F7556}") = "WebMvc", "WebMvc\WebMvc.csproj", "{450040C6-6C41-4096-A5E1-3A42E4310C05}"
EndProject
Project("{9A19103F-16F7-4668-BE54-9A1E7A4F7556}") = "TokenServiceApi", "TokenServiceApi\TokenServiceApi.csproj", "{F454F36C-B30D-4DE6-B66C-E799E9E6B9B9}"
EndProject
Global
	GlobalSection(SolutionConfigurationPlatforms) = preSolution
		Debug|Any CPU = Debug|Any CPU
		Release|Any CPU = Release|Any CPU
	EndGlobalSection
	GlobalSection(ProjectConfigurationPlatforms) = postSolution
		{D64D1053-C66F-41B0-862A-DAD8FC68D50B}.Debug|Any CPU.ActiveCfg = Debug|Any CPU
		{D64D1053-C66F-41B0-862A-DAD8FC68D50B}.Debug|Any CPU.Build.0 = Debug|Any CPU
		{D64D1053-C66F-41B0-862A-DAD8FC68D50B}.Release|Any CPU.ActiveCfg = Release|Any CPU
		{D64D1053-C66F-41B0-862A-DAD8FC68D50B}.Release|Any CPU.Build.0 = Release|Any CPU
		{24AC0606-BF4B-4678-BC98-102711F6F6F5}.Debug|Any CPU.ActiveCfg = Debug|Any CPU
		{24AC0606-BF4B-4678-BC98-102711F6F6F5}.Debug|Any CPU.Build.0 = Debug|Any CPU
		{24AC0606-BF4B-4678-BC98-102711F6F6F5}.Release|Any CPU.ActiveCfg = Release|Any CPU
		{24AC0606-BF4B-4678-BC98-102711F6F6F5}.Release|Any CPU.Build.0 = Release|Any CPU
		{450040C6-6C41-4096-A5E1-3A42E4310C05}.Debug|Any CPU.ActiveCfg = Debug|Any CPU
		{450040C6-6C41-4096-A5E1-3A42E4310C05}.Debug|Any CPU.Build.0 = Debug|Any CPU
		{450040C6-6C41-4096-A5E1-3A42E4310C05}.Release|Any CPU.ActiveCfg = Release|Any CPU
		{450040C6-6C41-4096-A5E1-3A42E4310C05}.Release|Any CPU.Build.0 = Release|Any CPU
		{F454F36C-B30D-4DE6-B66C-E799E9E6B9B9}.Debug|Any CPU.ActiveCfg = Debug|Any CPU
		{F454F36C-B30D-4DE6-B66C-E799E9E6B9B9}.Debug|Any CPU.Build.0 = Debug|Any CPU
		{F454F36C-B30D-4DE6-B66C-E799E9E6B9B9}.Release|Any CPU.ActiveCfg = Release|Any CPU
		{F454F36C-B30D-4DE6-B66C-E799E9E6B9B9}.Release|Any CPU.Build.0 = Release|Any CPU
	EndGlobalSection
	GlobalSection(SolutionProperties) = preSolution
		HideSolutionNode = FALSE
	EndGlobalSection
	GlobalSection(NestedProjects) = preSolution
		{19F988BE-67C3-417B-99CE-9E0CA774E1FC} = {B24E7A53-57C6-4C84-B033-C0EE30FB84E2}
		{2213E7B2-D5D4-4567-AE24-34C1223BD8B7} = {B24E7A53-57C6-4C84-B033-C0EE30FB84E2}
		{D64D1053-C66F-41B0-862A-DAD8FC68D50B} = {19F988BE-67C3-417B-99CE-9E0CA774E1FC}
		{450040C6-6C41-4096-A5E1-3A42E4310C05} = {2213E7B2-D5D4-4567-AE24-34C1223BD8B7}
		{F454F36C-B30D-4DE6-B66C-E799E9E6B9B9} = {19F988BE-67C3-417B-99CE-9E0CA774E1FC}
	EndGlobalSection
	GlobalSection(ExtensibilityGlobals) = postSolution
		SolutionGuid = {3EF434E5-5150-4A6B-A2AF-8D50FEF61F64}
	EndGlobalSection
EndGlobal
